
Microsoft Visual Studio Solution File, Format Version 12.00
# Visual Studio Version 17
VisualStudioVersion = 17.7.34221.43
MinimumVisualStudioVersion = 10.0.40219.1
Project("{8BC9CEB8-8B4A-11D0-8D11-00A0C91BC942}") = "Arrays", "Arrays\Arrays.vcxproj", "{769AEA34-0473-489A-A20F-3A10E451EB73}"
EndProject
Global
	GlobalSection(SolutionConfigurationPlatforms) = preSolution
		Debug|x64 = Debug|x64
		Debug|x86 = Debug|x86
		Release|x64 = Release|x64
		Release|x86 = Release|x86
	EndGlobalSection
	GlobalSection(ProjectConfigurationPlatforms) = postSolution
		{769AEA34-0473-489A-A20F-3A10E451EB73}.Debug|x64.ActiveCfg = Debug|x64
		{769AEA34-0473-489A-A20F-3A10E451EB73}.Debug|x64.Build.0 = Debug|x64
		{769AEA34-0473-489A-A20F-3A10E451EB73}.Debug|x86.ActiveCfg = Debug|Win32
		{769AEA34-0473-489A-A20F-3A10E451EB73}.Debug|x86.Build.0 = Debug|Win32
		{769AEA34-0473-489A-A20F-3A10E451EB73}.Release|x64.ActiveCfg = Release|x64
		{769AEA34-0473-489A-A20F-3A10E451EB73}.Release|x64.Build.0 = Release|x64
		{769AEA34-0473-489A-A20F-3A10E451EB73}.Release|x86.ActiveCfg = Release|Win32
		{769AEA34-0473-489A-A20F-3A10E451EB73}.Release|x86.Build.0 = Release|Win32
	EndGlobalSection
	GlobalSection(SolutionProperties) = preSolution
		HideSolutionNode = FALSE
	EndGlobalSection
	GlobalSection(ExtensibilityGlobals) = postSolution
		SolutionGuid = {D4D4DF31-797D-46D6-91D1-D52ACF72CA73}
	EndGlobalSection
EndGlobal
